
Microsoft Visual Studio Solution File, Format Version 12.00
# Visual Studio Version 16
VisualStudioVersion = 16.0.31729.503
MinimumVisualStudioVersion = 10.0.40219.1
Project("{9A19103F-16F7-4668-BE54-9A1E7A4F7556}") = "Kasyno", "Kasyno\Kasyno.csproj", "{21BDDED5-5168-4046-A02C-228E185EFB7E}"
EndProject
Project("{FAE04EC0-301F-11D3-BF4B-00C04F79EFBC}") = "KasynoTesty", "KasynoTesty\KasynoTesty.csproj", "{008126D7-6D70-4200-AB1E-4DB0C331E9FA}"
EndProject
Global
	GlobalSection(SolutionConfigurationPlatforms) = preSolution
		All|Any CPU = All|Any CPU
		Debug|Any CPU = Debug|Any CPU
		Release|Any CPU = Release|Any CPU
	EndGlobalSection
	GlobalSection(ProjectConfigurationPlatforms) = postSolution
		{21BDDED5-5168-4046-A02C-228E185EFB7E}.All|Any CPU.ActiveCfg = Release|Any CPU
		{21BDDED5-5168-4046-A02C-228E185EFB7E}.All|Any CPU.Build.0 = Release|Any CPU
		{21BDDED5-5168-4046-A02C-228E185EFB7E}.Debug|Any CPU.ActiveCfg = Debug|Any CPU
		{21BDDED5-5168-4046-A02C-228E185EFB7E}.Debug|Any CPU.Build.0 = Debug|Any CPU
		{21BDDED5-5168-4046-A02C-228E185EFB7E}.Release|Any CPU.ActiveCfg = Release|Any CPU
		{21BDDED5-5168-4046-A02C-228E185EFB7E}.Release|Any CPU.Build.0 = Release|Any CPU
		{008126D7-6D70-4200-AB1E-4DB0C331E9FA}.All|Any CPU.ActiveCfg = Debug|Any CPU
		{008126D7-6D70-4200-AB1E-4DB0C331E9FA}.All|Any CPU.Build.0 = Debug|Any CPU
		{008126D7-6D70-4200-AB1E-4DB0C331E9FA}.Debug|Any CPU.ActiveCfg = Debug|Any CPU
		{008126D7-6D70-4200-AB1E-4DB0C331E9FA}.Debug|Any CPU.Build.0 = Debug|Any CPU
		{008126D7-6D70-4200-AB1E-4DB0C331E9FA}.Release|Any CPU.ActiveCfg = Release|Any CPU
		{008126D7-6D70-4200-AB1E-4DB0C331E9FA}.Release|Any CPU.Build.0 = Release|Any CPU
	EndGlobalSection
	GlobalSection(SolutionProperties) = preSolution
		HideSolutionNode = FALSE
	EndGlobalSection
	GlobalSection(ExtensibilityGlobals) = postSolution
		SolutionGuid = {F088350C-C224-4B61-938F-D68B58E4B9D4}
	EndGlobalSection
EndGlobal
